// !$*UTF8*$!
{
	archiveVersion = 1;
	classes = {
	};
	objectVersion = 50;
	objects = {

/* Begin PBXBuildFile section */
		FCBED6DA22E5A8170095550E /* AppDelegate.swift in Sources */ = {isa = PBXBuildFile; fileRef = FCBED6D922E5A8170095550E /* AppDelegate.swift */; };
		FCBED6DC22E5A8170095550E /* SceneDelegate.swift in Sources */ = {isa = PBXBuildFile; fileRef = FCBED6DB22E5A8170095550E /* SceneDelegate.swift */; };
		FCBED6DE22E5A8170095550E /* ViewController.swift in Sources */ = {isa = PBXBuildFile; fileRef = FCBED6DD22E5A8170095550E /* ViewController.swift */; };
		FCBED6E122E5A8170095550E /* Main.storyboard in Resources */ = {isa = PBXBuildFile; fileRef = FCBED6DF22E5A8170095550E /* Main.storyboard */; };
		FCBED6E322E5A81B0095550E /* Assets.xcassets in Resources */ = {isa = PBXBuildFile; fileRef = FCBED6E222E5A81B0095550E /* Assets.xcassets */; };
		FCBED6E622E5A81B0095550E /* LaunchScreen.storyboard in Resources */ = {isa = PBXBuildFile; fileRef = FCBED6E422E5A81B0095550E /* LaunchScreen.storyboard */; };
/* End PBXBuildFile section */

/* Begin PBXFileReference section */
		FCBED6D622E5A8170095550E /* sign-in-with-apple-example.app */ = {isa = PBXFileReference; explicitFileType = wrapper.application; includeInIndex = 0; path = "sign-in-with-apple-example.app"; sourceTree = BUILT_PRODUCTS_DIR; };
		FCBED6D922E5A8170095550E /* AppDelegate.swift */ = {isa = PBXFileReference; lastKnownFileType = sourcecode.swift; path = AppDelegate.swift; sourceTree = "<group>"; };
		FCBED6DB22E5A8170095550E /* SceneDelegate.swift */ = {isa = PBXFileReference; lastKnownFileType = sourcecode.swift; path = SceneDelegate.swift; sourceTree = "<group>"; };
		FCBED6DD22E5A8170095550E /* ViewController.swift */ = {isa = PBXFileReference; lastKnownFileType = sourcecode.swift; path = ViewController.swift; sourceTree = "<group>"; };
		FCBED6E022E5A8170095550E /* Base */ = {isa = PBXFileReference; lastKnownFileType = file.storyboard; name = Base; path = Base.lproj/Main.storyboard; sourceTree = "<group>"; };
		FCBED6E222E5A81B0095550E /* Assets.xcassets */ = {isa = PBXFileReference; lastKnownFileType = folder.assetcatalog; path = Assets.xcassets; sourceTree = "<group>"; };
		FCBED6E522E5A81B0095550E /* Base */ = {isa = PBXFileReference; lastKnownFileType = file.storyboard; name = Base; path = Base.lproj/LaunchScreen.storyboard; sourceTree = "<group>"; };
		FCBED6E722E5A81B0095550E /* Info.plist */ = {isa = PBXFileReference; lastKnownFileType = text.plist.xml; path = Info.plist; sourceTree = "<group>"; };
		FCBED6ED22E5AB120095550E /* sign-in-with-apple-example.entitlements */ = {isa = PBXFileReference; lastKnownFileType = text.plist.entitlements; path = "sign-in-with-apple-example.entitlements"; sourceTree = "<group>"; };
/* End PBXFileReference section */

/* Begin PBXFrameworksBuildPhase section */
		FCBED6D322E5A8170095550E /* Frameworks */ = {
			isa = PBXFrameworksBuildPhase;
			buildActionMask = 2147483647;
			files = (
			);
			runOnlyForDeploymentPostprocessing = 0;
		};
/* End PBXFrameworksBuildPhase section */

/* Begin PBXGroup section */
		FCBED6CD22E5A8170095550E = {
			isa = PBXGroup;
			children = (
				FCBED6D822E5A8170095550E /* sign-in-with-apple-example */,
				FCBED6D722E5A8170095550E /* Products */,
			);
			sourceTree = "<group>";
		};
		FCBED6D722E5A8170095550E /* Products */ = {
			isa = PBXGroup;
			children = (
				FCBED6D622E5A8170095550E /* sign-in-with-apple-example.app */,
			);
			name = Products;
			sourceTree = "<group>";
		};
		FCBED6D822E5A8170095550E /* sign-in-with-apple-example */ = {
			isa = PBXGroup;
			children = (
				FCBED6ED22E5AB120095550E /* sign-in-with-apple-example.entitlements */,
				FCBED6D922E5A8170095550E /* AppDelegate.swift */,
				FCBED6DB22E5A8170095550E /* SceneDelegate.swift */,
				FCBED6DD22E5A8170095550E /* ViewController.swift */,
				FCBED6DF22E5A8170095550E /* Main.storyboard */,
				FCBED6E222E5A81B0095550E /* Assets.xcassets */,
				FCBED6E422E5A81B0095550E /* LaunchScreen.storyboard */,
				FCBED6E722E5A81B0095550E /* Info.plist */,
			);
			path = "sign-in-with-apple-example";
			sourceTree = "<group>";
		};
/* End PBXGroup section */

/* Begin PBXNativeTarget section */
		FCBED6D522E5A8170095550E /* sign-in-with-apple-example */ = {
			isa = PBXNativeTarget;
			buildConfigurationList = FCBED6EA22E5A81B0095550E /* Build configuration list for PBXNativeTarget "sign-in-with-apple-example" */;
			buildPhases = (
				FCBED6D222E5A8170095550E /* Sources */,
				FCBED6D322E5A8170095550E /* Frameworks */,
				FCBED6D422E5A8170095550E /* Resources */,
			);
			buildRules = (
			);
			dependencies = (
			);
			name = "sign-in-with-apple-example";
			productName = "sign-in-with-apple-example";
			productReference = FCBED6D622E5A8170095550E /* sign-in-with-apple-example.app */;
			productType = "com.apple.product-type.application";
		};
/* End PBXNativeTarget section */

/* Begin PBXProject section */
		FCBED6CE22E5A8170095550E /* Project object */ = {
			isa = PBXProject;
			attributes = {
				LastSwiftUpdateCheck = 1100;
				LastUpgradeCheck = 1100;
				ORGANIZATIONNAME = jagcesar;
				TargetAttributes = {
					FCBED6D522E5A8170095550E = {
						CreatedOnToolsVersion = 11.0;
					};
				};
			};
			buildConfigurationList = FCBED6D122E5A8170095550E /* Build configuration list for PBXProject "sign-in-with-apple-example" */;
			compatibilityVersion = "Xcode 9.3";
			developmentRegion = en;
			hasScannedForEncodings = 0;
			knownRegions = (
				en,
				Base,
			);
			mainGroup = FCBED6CD22E5A8170095550E;
			productRefGroup = FCBED6D722E5A8170095550E /* Products */;
			projectDirPath = "";
			projectRoot = "";
			targets = (
				FCBED6D522E5A8170095550E /* sign-in-with-apple-example */,
			);
		};
/* End PBXProject section */

/* Begin PBXResourcesBuildPhase section */
		FCBED6D422E5A8170095550E /* Resources */ = {
			isa = PBXResourcesBuildPhase;
			buildActionMask = 2147483647;
			files = (
				FCBED6E622E5A81B0095550E /* LaunchScreen.storyboard in Resources */,
				FCBED6E322E5A81B0095550E /* Assets.xcassets in Resources */,
				FCBED6E122E5A8170095550E /* Main.storyboard in Resources */,
			);
			runOnlyForDeploymentPostprocessing = 0;
		};
/* End PBXResourcesBuildPhase section */

/* Begin PBXSourcesBuildPhase section */
		FCBED6D222E5A8170095550E /* Sources */ = {
			isa = PBXSourcesBuildPhase;
			buildActionMask = 2147483647;
			files = (
				FCBED6DE22E5A8170095550E /* ViewController.swift in Sources */,
				FCBED6DA22E5A8170095550E /* AppDelegate.swift in Sources */,
				FCBED6DC22E5A8170095550E /* SceneDelegate.swift in Sources */,
			);
			runOnlyForDeploymentPostprocessing = 0;
		};
/* End PBXSourcesBuildPhase section */

/* Begin PBXVariantGroup section */
		FCBED6DF22E5A8170095550E /* Main.storyboard */ = {
			isa = PBXVariantGroup;
			children = (
				FCBED6E022E5A8170095550E /* Base */,
			);
			name = Main.storyboard;
			sourceTree = "<group>";
		};
		FCBED6E422E5A81B0095550E /* LaunchScreen.storyboard */ = {
			isa = PBXVariantGroup;
			children = (
				FCBED6E522E5A81B0095550E /* Base */,
			);
			name = LaunchScreen.storyboard;
			sourceTree = "<group>";
		};
/* End PBXVariantGroup section */

/* Begin XCBuildConfiguration section */
		FCBED6E822E5A81B0095550E /* Debug */ = {
			isa = XCBuildConfiguration;
			buildSettings = {
				ALWAYS_SEARCH_USER_PATHS = NO;
				CLANG_ANALYZER_NONNULL = YES;
				CLANG_ANALYZER_NUMBER_OBJECT_CONVERSION = YES_AGGRESSIVE;
				CLANG_CXX_LANGUAGE_STANDARD = "gnu++14";
				CLANG_CXX_LIBRARY = "libc++";
				CLANG_ENABLE_MODULES = YES;
				CLANG_ENABLE_OBJC_ARC = YES;
				CLANG_ENABLE_OBJC_WEAK = YES;
				CLANG_WARN_BLOCK_CAPTURE_AUTORELEASING = YES;
				CLANG_WARN_BOOL_CONVERSION = YES;
				CLANG_WARN_COMMA = YES;
				CLANG_WARN_CONSTANT_CONVERSION = YES;
				CLANG_WARN_DEPRECATED_OBJC_IMPLEMENTATIONS = YES;
				CLANG_WARN_DIRECT_OBJC_ISA_USAGE = YES_ERROR;
				CLANG_WARN_DOCUMENTATION_COMMENTS = YES;
				CLANG_WARN_EMPTY_BODY = YES;
				CLANG_WARN_ENUM_CONVERSION = YES;
				CLANG_WARN_INFINITE_RECURSION = YES;
				CLANG_WARN_INT_CONVERSION = YES;
				CLANG_WARN_NON_LITERAL_NULL_CONVERSION = YES;
				CLANG_WARN_OBJC_IMPLICIT_RETAIN_SELF = YES;
				CLANG_WARN_OBJC_LITERAL_CONVERSION = YES;
				CLANG_WARN_OBJC_ROOT_CLASS = YES_ERROR;
				CLANG_WARN_RANGE_LOOP_ANALYSIS = YES;
				CLANG_WARN_STRICT_PROTOTYPES = YES;
				CLANG_WARN_SUSPICIOUS_MOVE = YES;
				CLANG_WARN_UNGUARDED_AVAILABILITY = YES_AGGRESSIVE;
				CLANG_WARN_UNREACHABLE_CODE = YES;
				CLANG_WARN__DUPLICATE_METHOD_MATCH = YES;
				COPY_PHASE_STRIP = NO;
				DEBUG_INFORMATION_FORMAT = dwarf;
				ENABLE_STRICT_OBJC_MSGSEND = YES;
				ENABLE_TESTABILITY = YES;
				GCC_C_LANGUAGE_STANDARD = gnu11;
				GCC_DYNAMIC_NO_PIC = NO;
				GCC_NO_COMMON_BLOCKS = YES;
				GCC_OPTIMIZATION_LEVEL = 0;
				GCC_PREPROCESSOR_DEFINITIONS = (
					"DEBUG=1",
					"$(inherited)",
				);
				GCC_WARN_64_TO_32_BIT_CONVERSION = YES;
				GCC_WARN_ABOUT_RETURN_TYPE = YES_ERROR;
				GCC_WARN_UNDECLARED_SELECTOR = YES;
				GCC_WARN_UNINITIALIZED_AUTOS = YES_AGGRESSIVE;
				GCC_WARN_UNUSED_FUNCTION = YES;
				GCC_WARN_UNUSED_VARIABLE = YES;
				IPHONEOS_DEPLOYMENT_TARGET = 13.0;
				MTL_ENABLE_DEBUG_INFO = INCLUDE_SOURCE;
				MTL_FAST_MATH = YES;
				ONLY_ACTIVE_ARCH = YES;
				SDKROOT = iphoneos;
				SWIFT_ACTIVE_COMPILATION_CONDITIONS = DEBUG;
				SWIFT_OPTIMIZATION_LEVEL = "-Onone";
			};
			name = Debug;
		};
		FCBED6E922E5A81B0095550E /* Release */ = {
			isa = XCBuildConfiguration;
			buildSettings = {
				ALWAYS_SEARCH_USER_PATHS = NO;
				CLANG_ANALYZER_NONNULL = YES;
				CLANG_ANALYZER_NUMBER_OBJECT_CONVERSION = YES_AGGRESSIVE;
				CLANG_CXX_LANGUAGE_STANDARD = "gnu++14";
				CLANG_CXX_LIBRARY = "libc++";
				CLANG_ENABLE_MODULES = YES;
				CLANG_ENABLE_OBJC_ARC = YES;
				CLANG_ENABLE_OBJC_WEAK = YES;
				CLANG_WARN_BLOCK_CAPTURE_AUTORELEASING = YES;
				CLANG_WARN_BOOL_CONVERSION = YES;
				CLANG_WARN_COMMA = YES;
				CLANG_WARN_CONSTANT_CONVERSION = YES;
				CLANG_WARN_DEPRECATED_OBJC_IMPLEMENTATIONS = YES;
				CLANG_WARN_DIRECT_OBJC_ISA_USAGE = YES_ERROR;
				CLANG_WARN_DOCUMENTATION_COMMENTS = YES;
				CLANG_WARN_EMPTY_BODY = YES;
				CLANG_WARN_ENUM_CONVERSION = YES;
				CLANG_WARN_INFINITE_RECURSION = YES;
				CLANG_WARN_INT_CONVERSION = YES;
				CLANG_WARN_NON_LITERAL_NULL_CONVERSION = YES;
				CLANG_WARN_OBJC_IMPLICIT_RETAIN_SELF = YES;
				CLANG_WARN_OBJC_LITERAL_CONVERSION = YES;
				CLANG_WARN_OBJC_ROOT_CLASS = YES_ERROR;
				CLANG_WARN_RANGE_LOOP_ANALYSIS = YES;
				CLANG_WARN_STRICT_PROTOTYPES = YES;
				CLANG_WARN_SUSPICIOUS_MOVE = YES;
				CLANG_WARN_UNGUARDED_AVAILABILITY = YES_AGGRESSIVE;
				CLANG_WARN_UNREACHABLE_CODE = YES;
				CLANG_WARN__DUPLICATE_METHOD_MATCH = YES;
				COPY_PHASE_STRIP = NO;
				DEBUG_INFORMATION_FORMAT = "dwarf-with-dsym";
				ENABLE_NS_ASSERTIONS = NO;
				ENABLE_STRICT_OBJC_MSGSEND = YES;
				GCC_C_LANGUAGE_STANDARD = gnu11;
				GCC_NO_COMMON_BLOCKS = YES;
				GCC_WARN_64_TO_32_BIT_CONVERSION = YES;
				GCC_WARN_ABOUT_RETURN_TYPE = YES_ERROR;
				GCC_WARN_UNDECLARED_SELECTOR = YES;
				GCC_WARN_UNINITIALIZED_AUTOS = YES_AGGRESSIVE;
				GCC_WARN_UNUSED_FUNCTION = YES;
				GCC_WARN_UNUSED_VARIABLE = YES;
				IPHONEOS_DEPLOYMENT_TARGET = 13.0;
				MTL_ENABLE_DEBUG_INFO = NO;
				MTL_FAST_MATH = YES;
				SDKROOT = iphoneos;
				SWIFT_COMPILATION_MODE = wholemodule;
				SWIFT_OPTIMIZATION_LEVEL = "-O";
				VALIDATE_PRODUCT = YES;
			};
			name = Release;
		};
		FCBED6EB22E5A81B0095550E /* Debug */ = {
			isa = XCBuildConfiguration;
			buildSettings = {
				ASSETCATALOG_COMPILER_APPICON_NAME = AppIcon;
				CODE_SIGN_ENTITLEMENTS = "sign-in-with-apple-example/sign-in-with-apple-example.entitlements";
				CODE_SIGN_STYLE = Automatic;
				DERIVE_MACCATALYST_PRODUCT_BUNDLE_IDENTIFIER = YES;
				DEVELOPMENT_TEAM = UACPD8D292;
				INFOPLIST_FILE = "sign-in-with-apple-example/Info.plist";
				LD_RUNPATH_SEARCH_PATHS = (
					"$(inherited)",
					"@executable_path/Frameworks",
				);
				PRODUCT_BUNDLE_IDENTIFIER = "se.jagcesar.sign-in-with-apple-example";
				PRODUCT_NAME = "$(TARGET_NAME)";
				SUPPORTS_MACCATALYST = YES;
				SWIFT_VERSION = 5.0;
				TARGETED_DEVICE_FAMILY = "1,2";
			};
			name = Debug;
		};
		FCBED6EC22E5A81B0095550E /* Release */ = {
			isa = XCBuildConfiguration;
			buildSettings = {
				ASSETCATALOG_COMPILER_APPICON_NAME = AppIcon;
				CODE_SIGN_ENTITLEMENTS = "sign-in-with-apple-example/sign-in-with-apple-example.entitlements";
				CODE_SIGN_STYLE = Automatic;
				DERIVE_MACCATALYST_PRODUCT_BUNDLE_IDENTIFIER = YES;
				DEVELOPMENT_TEAM = UACPD8D292;
				INFOPLIST_FILE = "sign-in-with-apple-example/Info.plist";
				LD_RUNPATH_SEARCH_PATHS = (
					"$(inherited)",
					"@executable_path/Frameworks",
				);
				PRODUCT_BUNDLE_IDENTIFIER = "se.jagcesar.sign-in-with-apple-example";
				PRODUCT_NAME = "$(TARGET_NAME)";
				SUPPORTS_MACCATALYST = YES;
				SWIFT_VERSION = 5.0;
				TARGETED_DEVICE_FAMILY = "1,2";
			};
			name = Release;
		};
/* End XCBuildConfiguration section */

/* Begin XCConfigurationList section */
		FCBED6D122E5A8170095550E /* Build configuration list for PBXProject "sign-in-with-apple-example" */ = {
			isa = XCConfigurationList;
			buildConfigurations = (
				FCBED6E822E5A81B0095550E /* Debug */,
				FCBED6E922E5A81B0095550E /* Release */,
			);
			defaultConfigurationIsVisible = 0;
			defaultConfigurationName = Release;
		};
		FCBED6EA22E5A81B0095550E /* Build configuration list for PBXNativeTarget "sign-in-with-apple-example" */ = {
			isa = XCConfigurationList;
			buildConfigurations = (
				FCBED6EB22E5A81B0095550E /* Debug */,
				FCBED6EC22E5A81B0095550E /* Release */,
			);
			defaultConfigurationIsVisible = 0;
			defaultConfigurationName = Release;
		};
/* End XCConfigurationList section */
	};
	rootObject = FCBED6CE22E5A8170095550E /* Project object */;
}
